// !$*UTF8*$!
{
	archiveVersion = 1;
	classes = {
	};
	objectVersion = 46;
	objects = {

/* Begin PBXBuildFile section */
		9E128DD3B4FC8BB962489236 /* Pods_ChevaunChanged.framework in Frameworks */ = {isa = PBXBuildFile; fileRef = E0C223B7A34D2783B927782D /* Pods_ChevaunChanged.framework */; };
		F40080331ED5F677006931B1 /* UserProfileViewController.swift in Sources */ = {isa = PBXBuildFile; fileRef = F40080321ED5F677006931B1 /* UserProfileViewController.swift */; };
		F400DC451ED595D800188246 /* Extensions.swift in Sources */ = {isa = PBXBuildFile; fileRef = F400DC441ED595D800188246 /* Extensions.swift */; };
		F400DC471ED59D9B00188246 /* MainTabBarController.swift in Sources */ = {isa = PBXBuildFile; fileRef = F400DC461ED59D9B00188246 /* MainTabBarController.swift */; };
		F4103B4D1ED2072A004A5936 /* AppDelegate.swift in Sources */ = {isa = PBXBuildFile; fileRef = F4103B4C1ED2072A004A5936 /* AppDelegate.swift */; };
		F4103B4F1ED2072A004A5936 /* SignUpViewController.swift in Sources */ = {isa = PBXBuildFile; fileRef = F4103B4E1ED2072A004A5936 /* SignUpViewController.swift */; };
		F4103B521ED2072A004A5936 /* Main.storyboard in Resources */ = {isa = PBXBuildFile; fileRef = F4103B501ED2072A004A5936 /* Main.storyboard */; };
		F4103B541ED2072A004A5936 /* Assets.xcassets in Resources */ = {isa = PBXBuildFile; fileRef = F4103B531ED2072A004A5936 /* Assets.xcassets */; };
		F4103B571ED2072A004A5936 /* LaunchScreen.storyboard in Resources */ = {isa = PBXBuildFile; fileRef = F4103B551ED2072A004A5936 /* LaunchScreen.storyboard */; };
		F4103B5F1ED207AD004A5936 /* GoogleService-Info.plist in Resources */ = {isa = PBXBuildFile; fileRef = F4103B5E1ED207AD004A5936 /* GoogleService-Info.plist */; };
		F4EAF5841ED6D62A002B2DAA /* NewProblemViewController.swift in Sources */ = {isa = PBXBuildFile; fileRef = F4EAF5831ED6D62A002B2DAA /* NewProblemViewController.swift */; };
		F4EAF5861ED6D656002B2DAA /* RecentChatsViewController.swift in Sources */ = {isa = PBXBuildFile; fileRef = F4EAF5851ED6D656002B2DAA /* RecentChatsViewController.swift */; };
		F4EAF5881ED6E8EA002B2DAA /* LoginViewController.swift in Sources */ = {isa = PBXBuildFile; fileRef = F4EAF5871ED6E8EA002B2DAA /* LoginViewController.swift */; };
/* End PBXBuildFile section */

/* Begin PBXFileReference section */
		C9A4477DA1C1F87D7622C9EA /* Pods-ChevaunChanged.debug.xcconfig */ = {isa = PBXFileReference; includeInIndex = 1; lastKnownFileType = text.xcconfig; name = "Pods-ChevaunChanged.debug.xcconfig"; path = "Pods/Target Support Files/Pods-ChevaunChanged/Pods-ChevaunChanged.debug.xcconfig"; sourceTree = "<group>"; };
		CE75F9F6DC5D54179D9FED1B /* Pods-ChevaunChanged.release.xcconfig */ = {isa = PBXFileReference; includeInIndex = 1; lastKnownFileType = text.xcconfig; name = "Pods-ChevaunChanged.release.xcconfig"; path = "Pods/Target Support Files/Pods-ChevaunChanged/Pods-ChevaunChanged.release.xcconfig"; sourceTree = "<group>"; };
		E0C223B7A34D2783B927782D /* Pods_ChevaunChanged.framework */ = {isa = PBXFileReference; explicitFileType = wrapper.framework; includeInIndex = 0; path = Pods_ChevaunChanged.framework; sourceTree = BUILT_PRODUCTS_DIR; };
		F40080321ED5F677006931B1 /* UserProfileViewController.swift */ = {isa = PBXFileReference; fileEncoding = 4; lastKnownFileType = sourcecode.swift; path = UserProfileViewController.swift; sourceTree = "<group>"; };
		F400DC441ED595D800188246 /* Extensions.swift */ = {isa = PBXFileReference; fileEncoding = 4; lastKnownFileType = sourcecode.swift; path = Extensions.swift; sourceTree = "<group>"; };
		F400DC461ED59D9B00188246 /* MainTabBarController.swift */ = {isa = PBXFileReference; fileEncoding = 4; lastKnownFileType = sourcecode.swift; path = MainTabBarController.swift; sourceTree = "<group>"; };
		F4103B491ED2072A004A5936 /* ChevaunChanged.app */ = {isa = PBXFileReference; explicitFileType = wrapper.application; includeInIndex = 0; path = ChevaunChanged.app; sourceTree = BUILT_PRODUCTS_DIR; };
		F4103B4C1ED2072A004A5936 /* AppDelegate.swift */ = {isa = PBXFileReference; lastKnownFileType = sourcecode.swift; path = AppDelegate.swift; sourceTree = "<group>"; };
		F4103B4E1ED2072A004A5936 /* SignUpViewController.swift */ = {isa = PBXFileReference; lastKnownFileType = sourcecode.swift; path = SignUpViewController.swift; sourceTree = "<group>"; };
		F4103B511ED2072A004A5936 /* Base */ = {isa = PBXFileReference; lastKnownFileType = file.storyboard; name = Base; path = Base.lproj/Main.storyboard; sourceTree = "<group>"; };
		F4103B531ED2072A004A5936 /* Assets.xcassets */ = {isa = PBXFileReference; lastKnownFileType = folder.assetcatalog; path = Assets.xcassets; sourceTree = "<group>"; };
		F4103B561ED2072A004A5936 /* Base */ = {isa = PBXFileReference; lastKnownFileType = file.storyboard; name = Base; path = Base.lproj/LaunchScreen.storyboard; sourceTree = "<group>"; };
		F4103B581ED2072A004A5936 /* Info.plist */ = {isa = PBXFileReference; lastKnownFileType = text.plist.xml; path = Info.plist; sourceTree = "<group>"; };
		F4103B5E1ED207AD004A5936 /* GoogleService-Info.plist */ = {isa = PBXFileReference; fileEncoding = 4; lastKnownFileType = text.plist.xml; path = "GoogleService-Info.plist"; sourceTree = "<group>"; };
		F4EAF5831ED6D62A002B2DAA /* NewProblemViewController.swift */ = {isa = PBXFileReference; fileEncoding = 4; lastKnownFileType = sourcecode.swift; path = NewProblemViewController.swift; sourceTree = "<group>"; };
		F4EAF5851ED6D656002B2DAA /* RecentChatsViewController.swift */ = {isa = PBXFileReference; fileEncoding = 4; lastKnownFileType = sourcecode.swift; path = RecentChatsViewController.swift; sourceTree = "<group>"; };
		F4EAF5871ED6E8EA002B2DAA /* LoginViewController.swift */ = {isa = PBXFileReference; fileEncoding = 4; lastKnownFileType = sourcecode.swift; path = LoginViewController.swift; sourceTree = "<group>"; };
/* End PBXFileReference section */

/* Begin PBXFrameworksBuildPhase section */
		F4103B461ED20729004A5936 /* Frameworks */ = {
			isa = PBXFrameworksBuildPhase;
			buildActionMask = 2147483647;
			files = (
				9E128DD3B4FC8BB962489236 /* Pods_ChevaunChanged.framework in Frameworks */,
			);
			runOnlyForDeploymentPostprocessing = 0;
		};
/* End PBXFrameworksBuildPhase section */

/* Begin PBXGroup section */
		6F65E9CC91F5F5C458888210 /* Frameworks */ = {
			isa = PBXGroup;
			children = (
				E0C223B7A34D2783B927782D /* Pods_ChevaunChanged.framework */,
			);
			name = Frameworks;
			sourceTree = "<group>";
		};
		C4184D97CBD826BF243BFF40 /* Pods */ = {
			isa = PBXGroup;
			children = (
				C9A4477DA1C1F87D7622C9EA /* Pods-ChevaunChanged.debug.xcconfig */,
				CE75F9F6DC5D54179D9FED1B /* Pods-ChevaunChanged.release.xcconfig */,
			);
			name = Pods;
			sourceTree = "<group>";
		};
		F4103B401ED20729004A5936 = {
			isa = PBXGroup;
			children = (
				F4103B4B1ED2072A004A5936 /* ChevaunChanged */,
				F4103B4A1ED2072A004A5936 /* Products */,
				C4184D97CBD826BF243BFF40 /* Pods */,
				6F65E9CC91F5F5C458888210 /* Frameworks */,
			);
			sourceTree = "<group>";
		};
		F4103B4A1ED2072A004A5936 /* Products */ = {
			isa = PBXGroup;
			children = (
				F4103B491ED2072A004A5936 /* ChevaunChanged.app */,
			);
			name = Products;
			sourceTree = "<group>";
		};
		F4103B4B1ED2072A004A5936 /* ChevaunChanged */ = {
			isa = PBXGroup;
			children = (
				F4103B4C1ED2072A004A5936 /* AppDelegate.swift */,
				F400DC461ED59D9B00188246 /* MainTabBarController.swift */,
				F40080321ED5F677006931B1 /* UserProfileViewController.swift */,
				F4103B4E1ED2072A004A5936 /* SignUpViewController.swift */,
				F4EAF5871ED6E8EA002B2DAA /* LoginViewController.swift */,
				F4103B501ED2072A004A5936 /* Main.storyboard */,
				F4103B531ED2072A004A5936 /* Assets.xcassets */,
				F4103B551ED2072A004A5936 /* LaunchScreen.storyboard */,
				F4103B581ED2072A004A5936 /* Info.plist */,
				F4103B5E1ED207AD004A5936 /* GoogleService-Info.plist */,
				F400DC441ED595D800188246 /* Extensions.swift */,
				F4EAF5831ED6D62A002B2DAA /* NewProblemViewController.swift */,
				F4EAF5851ED6D656002B2DAA /* RecentChatsViewController.swift */,
			);
			path = ChevaunChanged;
			sourceTree = "<group>";
		};
/* End PBXGroup section */

/* Begin PBXNativeTarget section */
		F4103B481ED20729004A5936 /* ChevaunChanged */ = {
			isa = PBXNativeTarget;
			buildConfigurationList = F4103B5B1ED2072A004A5936 /* Build configuration list for PBXNativeTarget "ChevaunChanged" */;
			buildPhases = (
				938805D9D85DD1EC6E897764 /* [CP] Check Pods Manifest.lock */,
				F4103B451ED20729004A5936 /* Sources */,
				F4103B461ED20729004A5936 /* Frameworks */,
				F4103B471ED20729004A5936 /* Resources */,
				FBEABBB919F073D1E85F8E41 /* [CP] Embed Pods Frameworks */,
				72D3E4AF4E88982C603AFB08 /* [CP] Copy Pods Resources */,
			);
			buildRules = (
			);
			dependencies = (
			);
			name = ChevaunChanged;
			productName = ChevaunChanged;
			productReference = F4103B491ED2072A004A5936 /* ChevaunChanged.app */;
			productType = "com.apple.product-type.application";
		};
/* End PBXNativeTarget section */

/* Begin PBXProject section */
		F4103B411ED20729004A5936 /* Project object */ = {
			isa = PBXProject;
			attributes = {
				LastSwiftUpdateCheck = 0820;
				LastUpgradeCheck = 0820;
				ORGANIZATIONNAME = MLBNP;
				TargetAttributes = {
					F4103B481ED20729004A5936 = {
						CreatedOnToolsVersion = 8.2.1;
						DevelopmentTeam = G7TV7283LG;
						ProvisioningStyle = Automatic;
					};
				};
			};
			buildConfigurationList = F4103B441ED20729004A5936 /* Build configuration list for PBXProject "ChevaunChanged" */;
			compatibilityVersion = "Xcode 3.2";
			developmentRegion = English;
			hasScannedForEncodings = 0;
			knownRegions = (
				en,
				Base,
			);
			mainGroup = F4103B401ED20729004A5936;
			productRefGroup = F4103B4A1ED2072A004A5936 /* Products */;
			projectDirPath = "";
			projectRoot = "";
			targets = (
				F4103B481ED20729004A5936 /* ChevaunChanged */,
			);
		};
/* End PBXProject section */

/* Begin PBXResourcesBuildPhase section */
		F4103B471ED20729004A5936 /* Resources */ = {
			isa = PBXResourcesBuildPhase;
			buildActionMask = 2147483647;
			files = (
				F4103B571ED2072A004A5936 /* LaunchScreen.storyboard in Resources */,
				F4103B5F1ED207AD004A5936 /* GoogleService-Info.plist in Resources */,
				F4103B541ED2072A004A5936 /* Assets.xcassets in Resources */,
				F4103B521ED2072A004A5936 /* Main.storyboard in Resources */,
			);
			runOnlyForDeploymentPostprocessing = 0;
		};
/* End PBXResourcesBuildPhase section */

/* Begin PBXShellScriptBuildPhase section */
		72D3E4AF4E88982C603AFB08 /* [CP] Copy Pods Resources */ = {
			isa = PBXShellScriptBuildPhase;
			buildActionMask = 2147483647;
			files = (
			);
			inputPaths = (
			);
			name = "[CP] Copy Pods Resources";
			outputPaths = (
			);
			runOnlyForDeploymentPostprocessing = 0;
			shellPath = /bin/sh;
			shellScript = "\"${SRCROOT}/Pods/Target Support Files/Pods-ChevaunChanged/Pods-ChevaunChanged-resources.sh\"\n";
			showEnvVarsInLog = 0;
		};
		938805D9D85DD1EC6E897764 /* [CP] Check Pods Manifest.lock */ = {
			isa = PBXShellScriptBuildPhase;
			buildActionMask = 2147483647;
			files = (
			);
			inputPaths = (
			);
			name = "[CP] Check Pods Manifest.lock";
			outputPaths = (
			);
			runOnlyForDeploymentPostprocessing = 0;
			shellPath = /bin/sh;
			shellScript = "diff \"${PODS_ROOT}/../Podfile.lock\" \"${PODS_ROOT}/Manifest.lock\" > /dev/null\nif [ $? != 0 ] ; then\n    # print error to STDERR\n    echo \"error: The sandbox is not in sync with the Podfile.lock. Run 'pod install' or update your CocoaPods installation.\" >&2\n    exit 1\nfi\n";
			showEnvVarsInLog = 0;
		};
		FBEABBB919F073D1E85F8E41 /* [CP] Embed Pods Frameworks */ = {
			isa = PBXShellScriptBuildPhase;
			buildActionMask = 2147483647;
			files = (
			);
			inputPaths = (
			);
			name = "[CP] Embed Pods Frameworks";
			outputPaths = (
			);
			runOnlyForDeploymentPostprocessing = 0;
			shellPath = /bin/sh;
			shellScript = "\"${SRCROOT}/Pods/Target Support Files/Pods-ChevaunChanged/Pods-ChevaunChanged-frameworks.sh\"\n";
			showEnvVarsInLog = 0;
		};
/* End PBXShellScriptBuildPhase section */

/* Begin PBXSourcesBuildPhase section */
		F4103B451ED20729004A5936 /* Sources */ = {
			isa = PBXSourcesBuildPhase;
			buildActionMask = 2147483647;
			files = (
				F4103B4F1ED2072A004A5936 /* SignUpViewController.swift in Sources */,
				F40080331ED5F677006931B1 /* UserProfileViewController.swift in Sources */,
				F400DC451ED595D800188246 /* Extensions.swift in Sources */,
				F4EAF5841ED6D62A002B2DAA /* NewProblemViewController.swift in Sources */,
				F4EAF5881ED6E8EA002B2DAA /* LoginViewController.swift in Sources */,
				F400DC471ED59D9B00188246 /* MainTabBarController.swift in Sources */,
				F4EAF5861ED6D656002B2DAA /* RecentChatsViewController.swift in Sources */,
				F4103B4D1ED2072A004A5936 /* AppDelegate.swift in Sources */,
			);
			runOnlyForDeploymentPostprocessing = 0;
		};
/* End PBXSourcesBuildPhase section */

/* Begin PBXVariantGroup section */
		F4103B501ED2072A004A5936 /* Main.storyboard */ = {
			isa = PBXVariantGroup;
			children = (
				F4103B511ED2072A004A5936 /* Base */,
			);
			name = Main.storyboard;
			sourceTree = "<group>";
		};
		F4103B551ED2072A004A5936 /* LaunchScreen.storyboard */ = {
			isa = PBXVariantGroup;
			children = (
				F4103B561ED2072A004A5936 /* Base */,
			);
			name = LaunchScreen.storyboard;
			sourceTree = "<group>";
		};
/* End PBXVariantGroup section */

/* Begin XCBuildConfiguration section */
		F4103B591ED2072A004A5936 /* Debug */ = {
			isa = XCBuildConfiguration;
			buildSettings = {
				ALWAYS_SEARCH_USER_PATHS = NO;
				CLANG_ANALYZER_NONNULL = YES;
				CLANG_CXX_LANGUAGE_STANDARD = "gnu++0x";
				CLANG_CXX_LIBRARY = "libc++";
				CLANG_ENABLE_MODULES = YES;
				CLANG_ENABLE_OBJC_ARC = YES;
				CLANG_WARN_BOOL_CONVERSION = YES;
				CLANG_WARN_CONSTANT_CONVERSION = YES;
				CLANG_WARN_DIRECT_OBJC_ISA_USAGE = YES_ERROR;
				CLANG_WARN_DOCUMENTATION_COMMENTS = YES;
				CLANG_WARN_EMPTY_BODY = YES;
				CLANG_WARN_ENUM_CONVERSION = YES;
				CLANG_WARN_INFINITE_RECURSION = YES;
				CLANG_WARN_INT_CONVERSION = YES;
				CLANG_WARN_OBJC_ROOT_CLASS = YES_ERROR;
				CLANG_WARN_SUSPICIOUS_MOVE = YES;
				CLANG_WARN_UNREACHABLE_CODE = YES;
				CLANG_WARN__DUPLICATE_METHOD_MATCH = YES;
				"CODE_SIGN_IDENTITY[sdk=iphoneos*]" = "iPhone Developer";
				COPY_PHASE_STRIP = NO;
				DEBUG_INFORMATION_FORMAT = dwarf;
				ENABLE_STRICT_OBJC_MSGSEND = YES;
				ENABLE_TESTABILITY = YES;
				GCC_C_LANGUAGE_STANDARD = gnu99;
				GCC_DYNAMIC_NO_PIC = NO;
				GCC_NO_COMMON_BLOCKS = YES;
				GCC_OPTIMIZATION_LEVEL = 0;
				GCC_PREPROCESSOR_DEFINITIONS = (
					"DEBUG=1",
					"$(inherited)",
				);
				GCC_WARN_64_TO_32_BIT_CONVERSION = YES;
				GCC_WARN_ABOUT_RETURN_TYPE = YES_ERROR;
				GCC_WARN_UNDECLARED_SELECTOR = YES;
				GCC_WARN_UNINITIALIZED_AUTOS = YES_AGGRESSIVE;
				GCC_WARN_UNUSED_FUNCTION = YES;
				GCC_WARN_UNUSED_VARIABLE = YES;
				IPHONEOS_DEPLOYMENT_TARGET = 10.2;
				MTL_ENABLE_DEBUG_INFO = YES;
				ONLY_ACTIVE_ARCH = YES;
				SDKROOT = iphoneos;
				SWIFT_ACTIVE_COMPILATION_CONDITIONS = DEBUG;
				SWIFT_OPTIMIZATION_LEVEL = "-Onone";
			};
			name = Debug;
		};
		F4103B5A1ED2072A004A5936 /* Release */ = {
			isa = XCBuildConfiguration;
			buildSettings = {
				ALWAYS_SEARCH_USER_PATHS = NO;
				CLANG_ANALYZER_NONNULL = YES;
				CLANG_CXX_LANGUAGE_STANDARD = "gnu++0x";
				CLANG_CXX_LIBRARY = "libc++";
				CLANG_ENABLE_MODULES = YES;
				CLANG_ENABLE_OBJC_ARC = YES;
				CLANG_WARN_BOOL_CONVERSION = YES;
				CLANG_WARN_CONSTANT_CONVERSION = YES;
				CLANG_WARN_DIRECT_OBJC_ISA_USAGE = YES_ERROR;
				CLANG_WARN_DOCUMENTATION_COMMENTS = YES;
				CLANG_WARN_EMPTY_BODY = YES;
				CLANG_WARN_ENUM_CONVERSION = YES;
				CLANG_WARN_INFINITE_RECURSION = YES;
				CLANG_WARN_INT_CONVERSION = YES;
				CLANG_WARN_OBJC_ROOT_CLASS = YES_ERROR;
				CLANG_WARN_SUSPICIOUS_MOVE = YES;
				CLANG_WARN_UNREACHABLE_CODE = YES;
				CLANG_WARN__DUPLICATE_METHOD_MATCH = YES;
				"CODE_SIGN_IDENTITY[sdk=iphoneos*]" = "iPhone Developer";
				COPY_PHASE_STRIP = NO;
				DEBUG_INFORMATION_FORMAT = "dwarf-with-dsym";
				ENABLE_NS_ASSERTIONS = NO;
				ENABLE_STRICT_OBJC_MSGSEND = YES;
				GCC_C_LANGUAGE_STANDARD = gnu99;
				GCC_NO_COMMON_BLOCKS = YES;
				GCC_WARN_64_TO_32_BIT_CONVERSION = YES;
				GCC_WARN_ABOUT_RETURN_TYPE = YES_ERROR;
				GCC_WARN_UNDECLARED_SELECTOR = YES;
				GCC_WARN_UNINITIALIZED_AUTOS = YES_AGGRESSIVE;
				GCC_WARN_UNUSED_FUNCTION = YES;
				GCC_WARN_UNUSED_VARIABLE = YES;
				IPHONEOS_DEPLOYMENT_TARGET = 10.2;
				MTL_ENABLE_DEBUG_INFO = NO;
				SDKROOT = iphoneos;
				SWIFT_OPTIMIZATION_LEVEL = "-Owholemodule";
				VALIDATE_PRODUCT = YES;
			};
			name = Release;
		};
		F4103B5C1ED2072A004A5936 /* Debug */ = {
			isa = XCBuildConfiguration;
			baseConfigurationReference = C9A4477DA1C1F87D7622C9EA /* Pods-ChevaunChanged.debug.xcconfig */;
			buildSettings = {
				ASSETCATALOG_COMPILER_APPICON_NAME = AppIcon;
				DEVELOPMENT_TEAM = G7TV7283LG;
				INFOPLIST_FILE = ChevaunChanged/Info.plist;
				LD_RUNPATH_SEARCH_PATHS = "$(inherited) @executable_path/Frameworks";
				PRODUCT_BUNDLE_IDENTIFIER = com.MLBNP.ChevaunChanged;
				PRODUCT_NAME = "$(TARGET_NAME)";
				SWIFT_VERSION = 3.0;
			};
			name = Debug;
		};
		F4103B5D1ED2072A004A5936 /* Release */ = {
			isa = XCBuildConfiguration;
			baseConfigurationReference = CE75F9F6DC5D54179D9FED1B /* Pods-ChevaunChanged.release.xcconfig */;
			buildSettings = {
				ASSETCATALOG_COMPILER_APPICON_NAME = AppIcon;
				DEVELOPMENT_TEAM = G7TV7283LG;
				INFOPLIST_FILE = ChevaunChanged/Info.plist;
				LD_RUNPATH_SEARCH_PATHS = "$(inherited) @executable_path/Frameworks";
				PRODUCT_BUNDLE_IDENTIFIER = com.MLBNP.ChevaunChanged;
				PRODUCT_NAME = "$(TARGET_NAME)";
				SWIFT_VERSION = 3.0;
			};
			name = Release;
		};
/* End XCBuildConfiguration section */

/* Begin XCConfigurationList section */
		F4103B441ED20729004A5936 /* Build configuration list for PBXProject "ChevaunChanged" */ = {
			isa = XCConfigurationList;
			buildConfigurations = (
				F4103B591ED2072A004A5936 /* Debug */,
				F4103B5A1ED2072A004A5936 /* Release */,
			);
			defaultConfigurationIsVisible = 0;
			defaultConfigurationName = Release;
		};
		F4103B5B1ED2072A004A5936 /* Build configuration list for PBXNativeTarget "ChevaunChanged" */ = {
			isa = XCConfigurationList;
			buildConfigurations = (
				F4103B5C1ED2072A004A5936 /* Debug */,
				F4103B5D1ED2072A004A5936 /* Release */,
			);
			defaultConfigurationIsVisible = 0;
			defaultConfigurationName = Release;
		};
/* End XCConfigurationList section */
	};
	rootObject = F4103B411ED20729004A5936 /* Project object */;
}
